// !$*UTF8*$!
{
	archiveVersion = 1;
	classes = {
	};
	objectVersion = 46;
	objects = {

/* Begin PBXBuildFile section */
		84A9166B1A177488003FE98E /* ArticleViewController.m in Sources */ = {isa = PBXBuildFile; fileRef = 84A916641A177488003FE98E /* ArticleViewController.m */; };
		84A9166C1A177488003FE98E /* DraggableView.m in Sources */ = {isa = PBXBuildFile; fileRef = 84A916661A177488003FE98E /* DraggableView.m */; };
		84A9166D1A177488003FE98E /* DraggableViewBackground.m in Sources */ = {isa = PBXBuildFile; fileRef = 84A916681A177488003FE98E /* DraggableViewBackground.m */; };
		84A9166E1A177488003FE98E /* OverlayView.m in Sources */ = {isa = PBXBuildFile; fileRef = 84A9166A1A177488003FE98E /* OverlayView.m */; };
		84A916711A179CF1003FE98E /* sample.png in Resources */ = {isa = PBXBuildFile; fileRef = 84A916701A179CF1003FE98E /* sample.png */; };
		99620AC990C933D10C70D856 /* libPods-45Navi.a in Frameworks */ = {isa = PBXBuildFile; fileRef = 28017CA45D420B9F428D47FB /* libPods-45Navi.a */; };
		D40553941A17336C000C0588 /* main.m in Sources */ = {isa = PBXBuildFile; fileRef = D40553931A17336C000C0588 /* main.m */; };
		D40553971A17336C000C0588 /* AppDelegate.m in Sources */ = {isa = PBXBuildFile; fileRef = D40553961A17336C000C0588 /* AppDelegate.m */; };
		D40553A31A17336C000C0588 /* Main.storyboard in Resources */ = {isa = PBXBuildFile; fileRef = D40553A11A17336C000C0588 /* Main.storyboard */; };
		D40553A51A17336C000C0588 /* Images.xcassets in Resources */ = {isa = PBXBuildFile; fileRef = D40553A41A17336C000C0588 /* Images.xcassets */; };
		D40553A81A17336C000C0588 /* LaunchScreen.xib in Resources */ = {isa = PBXBuildFile; fileRef = D40553A61A17336C000C0588 /* LaunchScreen.xib */; };
		D40553B41A17336C000C0588 /* _5NaviTests.m in Sources */ = {isa = PBXBuildFile; fileRef = D40553B31A17336C000C0588 /* _5NaviTests.m */; };
		D40553C01A174F5E000C0588 /* NVVoiceTextFetcher.m in Sources */ = {isa = PBXBuildFile; fileRef = D40553BF1A174F5E000C0588 /* NVVoiceTextFetcher.m */; };
/* End PBXBuildFile section */

/* Begin PBXContainerItemProxy section */
		D40553AE1A17336C000C0588 /* PBXContainerItemProxy */ = {
			isa = PBXContainerItemProxy;
			containerPortal = D40553861A17336C000C0588 /* Project object */;
			proxyType = 1;
			remoteGlobalIDString = D405538D1A17336C000C0588;
			remoteInfo = 45Navi;
		};
/* End PBXContainerItemProxy section */

/* Begin PBXFileReference section */
		28017CA45D420B9F428D47FB /* libPods-45Navi.a */ = {isa = PBXFileReference; explicitFileType = archive.ar; includeInIndex = 0; path = "libPods-45Navi.a"; sourceTree = BUILT_PRODUCTS_DIR; };
		34D723D99FABB7642F027B6D /* Pods-45Navi.release.xcconfig */ = {isa = PBXFileReference; includeInIndex = 1; lastKnownFileType = text.xcconfig; name = "Pods-45Navi.release.xcconfig"; path = "Pods/Target Support Files/Pods-45Navi/Pods-45Navi.release.xcconfig"; sourceTree = "<group>"; };
		84A916631A177488003FE98E /* ArticleViewController.h */ = {isa = PBXFileReference; fileEncoding = 4; lastKnownFileType = sourcecode.c.h; path = ArticleViewController.h; sourceTree = "<group>"; };
		84A916641A177488003FE98E /* ArticleViewController.m */ = {isa = PBXFileReference; fileEncoding = 4; lastKnownFileType = sourcecode.c.objc; path = ArticleViewController.m; sourceTree = "<group>"; };
		84A916651A177488003FE98E /* DraggableView.h */ = {isa = PBXFileReference; fileEncoding = 4; lastKnownFileType = sourcecode.c.h; path = DraggableView.h; sourceTree = "<group>"; };
		84A916661A177488003FE98E /* DraggableView.m */ = {isa = PBXFileReference; fileEncoding = 4; lastKnownFileType = sourcecode.c.objc; path = DraggableView.m; sourceTree = "<group>"; };
		84A916671A177488003FE98E /* DraggableViewBackground.h */ = {isa = PBXFileReference; fileEncoding = 4; lastKnownFileType = sourcecode.c.h; path = DraggableViewBackground.h; sourceTree = "<group>"; };
		84A916681A177488003FE98E /* DraggableViewBackground.m */ = {isa = PBXFileReference; fileEncoding = 4; lastKnownFileType = sourcecode.c.objc; path = DraggableViewBackground.m; sourceTree = "<group>"; };
		84A916691A177488003FE98E /* OverlayView.h */ = {isa = PBXFileReference; fileEncoding = 4; lastKnownFileType = sourcecode.c.h; path = OverlayView.h; sourceTree = "<group>"; };
		84A9166A1A177488003FE98E /* OverlayView.m */ = {isa = PBXFileReference; fileEncoding = 4; lastKnownFileType = sourcecode.c.objc; path = OverlayView.m; sourceTree = "<group>"; };
		84A916701A179CF1003FE98E /* sample.png */ = {isa = PBXFileReference; lastKnownFileType = image.png; path = sample.png; sourceTree = "<group>"; };
		D405538E1A17336C000C0588 /* 45Navi.app */ = {isa = PBXFileReference; explicitFileType = wrapper.application; includeInIndex = 0; path = 45Navi.app; sourceTree = BUILT_PRODUCTS_DIR; };
		D40553921A17336C000C0588 /* Info.plist */ = {isa = PBXFileReference; lastKnownFileType = text.plist.xml; path = Info.plist; sourceTree = "<group>"; };
		D40553931A17336C000C0588 /* main.m */ = {isa = PBXFileReference; lastKnownFileType = sourcecode.c.objc; path = main.m; sourceTree = "<group>"; };
		D40553951A17336C000C0588 /* AppDelegate.h */ = {isa = PBXFileReference; lastKnownFileType = sourcecode.c.h; path = AppDelegate.h; sourceTree = "<group>"; };
		D40553961A17336C000C0588 /* AppDelegate.m */ = {isa = PBXFileReference; lastKnownFileType = sourcecode.c.objc; path = AppDelegate.m; sourceTree = "<group>"; };
		D40553A21A17336C000C0588 /* Base */ = {isa = PBXFileReference; lastKnownFileType = file.storyboard; name = Base; path = Base.lproj/Main.storyboard; sourceTree = "<group>"; };
		D40553A41A17336C000C0588 /* Images.xcassets */ = {isa = PBXFileReference; lastKnownFileType = folder.assetcatalog; path = Images.xcassets; sourceTree = "<group>"; };
		D40553A71A17336C000C0588 /* Base */ = {isa = PBXFileReference; lastKnownFileType = file.xib; name = Base; path = Base.lproj/LaunchScreen.xib; sourceTree = "<group>"; };
		D40553AD1A17336C000C0588 /* 45NaviTests.xctest */ = {isa = PBXFileReference; explicitFileType = wrapper.cfbundle; includeInIndex = 0; path = 45NaviTests.xctest; sourceTree = BUILT_PRODUCTS_DIR; };
		D40553B21A17336C000C0588 /* Info.plist */ = {isa = PBXFileReference; lastKnownFileType = text.plist.xml; path = Info.plist; sourceTree = "<group>"; };
		D40553B31A17336C000C0588 /* _5NaviTests.m */ = {isa = PBXFileReference; lastKnownFileType = sourcecode.c.objc; path = _5NaviTests.m; sourceTree = "<group>"; };
		D40553BE1A174F5E000C0588 /* NVVoiceTextFetcher.h */ = {isa = PBXFileReference; fileEncoding = 4; lastKnownFileType = sourcecode.c.h; path = NVVoiceTextFetcher.h; sourceTree = "<group>"; };
		D40553BF1A174F5E000C0588 /* NVVoiceTextFetcher.m */ = {isa = PBXFileReference; fileEncoding = 4; lastKnownFileType = sourcecode.c.objc; path = NVVoiceTextFetcher.m; sourceTree = "<group>"; };
		F387E32E358A24FC24796D38 /* Pods-45Navi.debug.xcconfig */ = {isa = PBXFileReference; includeInIndex = 1; lastKnownFileType = text.xcconfig; name = "Pods-45Navi.debug.xcconfig"; path = "Pods/Target Support Files/Pods-45Navi/Pods-45Navi.debug.xcconfig"; sourceTree = "<group>"; };
/* End PBXFileReference section */

/* Begin PBXFrameworksBuildPhase section */
		D405538B1A17336C000C0588 /* Frameworks */ = {
			isa = PBXFrameworksBuildPhase;
			buildActionMask = 2147483647;
			files = (
				99620AC990C933D10C70D856 /* libPods-45Navi.a in Frameworks */,
			);
			runOnlyForDeploymentPostprocessing = 0;
		};
		D40553AA1A17336C000C0588 /* Frameworks */ = {
			isa = PBXFrameworksBuildPhase;
			buildActionMask = 2147483647;
			files = (
			);
			runOnlyForDeploymentPostprocessing = 0;
		};
/* End PBXFrameworksBuildPhase section */

/* Begin PBXGroup section */
		84A9166F1A179CDF003FE98E /* UI */ = {
			isa = PBXGroup;
			children = (
				84A916631A177488003FE98E /* ArticleViewController.h */,
				84A916641A177488003FE98E /* ArticleViewController.m */,
				84A916651A177488003FE98E /* DraggableView.h */,
				84A916661A177488003FE98E /* DraggableView.m */,
				84A916671A177488003FE98E /* DraggableViewBackground.h */,
				84A916681A177488003FE98E /* DraggableViewBackground.m */,
				84A916691A177488003FE98E /* OverlayView.h */,
				84A9166A1A177488003FE98E /* OverlayView.m */,
				84A916701A179CF1003FE98E /* sample.png */,
			);
			name = UI;
			sourceTree = "<group>";
		};
		9EBBFA8424E877269C79F68B /* Pods */ = {
			isa = PBXGroup;
			children = (
				F387E32E358A24FC24796D38 /* Pods-45Navi.debug.xcconfig */,
				34D723D99FABB7642F027B6D /* Pods-45Navi.release.xcconfig */,
			);
			name = Pods;
			sourceTree = "<group>";
		};
		D40553851A17336C000C0588 = {
			isa = PBXGroup;
			children = (
				D40553901A17336C000C0588 /* 45Navi */,
				D40553B01A17336C000C0588 /* 45NaviTests */,
				D405538F1A17336C000C0588 /* Products */,
				9EBBFA8424E877269C79F68B /* Pods */,
				FB8D5285A1D83CF24D236EEF /* Frameworks */,
			);
			sourceTree = "<group>";
		};
		D405538F1A17336C000C0588 /* Products */ = {
			isa = PBXGroup;
			children = (
				D405538E1A17336C000C0588 /* 45Navi.app */,
				D40553AD1A17336C000C0588 /* 45NaviTests.xctest */,
			);
			name = Products;
			sourceTree = "<group>";
		};
		D40553901A17336C000C0588 /* 45Navi */ = {
			isa = PBXGroup;
			children = (
				84A9166F1A179CDF003FE98E /* UI */,
				D40553BD1A174F28000C0588 /* Model */,
				D40553951A17336C000C0588 /* AppDelegate.h */,
				D40553961A17336C000C0588 /* AppDelegate.m */,
				D40553A11A17336C000C0588 /* Main.storyboard */,
				D40553A41A17336C000C0588 /* Images.xcassets */,
				D40553A61A17336C000C0588 /* LaunchScreen.xib */,
				D40553911A17336C000C0588 /* Supporting Files */,
			);
			path = 45Navi;
			sourceTree = "<group>";
		};
		D40553911A17336C000C0588 /* Supporting Files */ = {
			isa = PBXGroup;
			children = (
				D40553921A17336C000C0588 /* Info.plist */,
				D40553931A17336C000C0588 /* main.m */,
			);
			name = "Supporting Files";
			sourceTree = "<group>";
		};
		D40553B01A17336C000C0588 /* 45NaviTests */ = {
			isa = PBXGroup;
			children = (
				D40553B31A17336C000C0588 /* _5NaviTests.m */,
				D40553B11A17336C000C0588 /* Supporting Files */,
			);
			path = 45NaviTests;
			sourceTree = "<group>";
		};
		D40553B11A17336C000C0588 /* Supporting Files */ = {
			isa = PBXGroup;
			children = (
				D40553B21A17336C000C0588 /* Info.plist */,
			);
			name = "Supporting Files";
			sourceTree = "<group>";
		};
		D40553BD1A174F28000C0588 /* Model */ = {
			isa = PBXGroup;
			children = (
				D40553BE1A174F5E000C0588 /* NVVoiceTextFetcher.h */,
				D40553BF1A174F5E000C0588 /* NVVoiceTextFetcher.m */,
			);
			name = Model;
			sourceTree = "<group>";
		};
		FB8D5285A1D83CF24D236EEF /* Frameworks */ = {
			isa = PBXGroup;
			children = (
				28017CA45D420B9F428D47FB /* libPods-45Navi.a */,
			);
			name = Frameworks;
			sourceTree = "<group>";
		};
/* End PBXGroup section */

/* Begin PBXNativeTarget section */
		D405538D1A17336C000C0588 /* 45Navi */ = {
			isa = PBXNativeTarget;
			buildConfigurationList = D40553B71A17336C000C0588 /* Build configuration list for PBXNativeTarget "45Navi" */;
			buildPhases = (
				72B9925536FB3AE55C1F34CB /* Check Pods Manifest.lock */,
				D405538A1A17336C000C0588 /* Sources */,
				D405538B1A17336C000C0588 /* Frameworks */,
				D405538C1A17336C000C0588 /* Resources */,
				3E7E3A106AD5E328EAEB56AB /* Copy Pods Resources */,
			);
			buildRules = (
			);
			dependencies = (
			);
			name = 45Navi;
			productName = 45Navi;
			productReference = D405538E1A17336C000C0588 /* 45Navi.app */;
			productType = "com.apple.product-type.application";
		};
		D40553AC1A17336C000C0588 /* 45NaviTests */ = {
			isa = PBXNativeTarget;
			buildConfigurationList = D40553BA1A17336C000C0588 /* Build configuration list for PBXNativeTarget "45NaviTests" */;
			buildPhases = (
				D40553A91A17336C000C0588 /* Sources */,
				D40553AA1A17336C000C0588 /* Frameworks */,
				D40553AB1A17336C000C0588 /* Resources */,
			);
			buildRules = (
			);
			dependencies = (
				D40553AF1A17336C000C0588 /* PBXTargetDependency */,
			);
			name = 45NaviTests;
			productName = 45NaviTests;
			productReference = D40553AD1A17336C000C0588 /* 45NaviTests.xctest */;
			productType = "com.apple.product-type.bundle.unit-test";
		};
/* End PBXNativeTarget section */

/* Begin PBXProject section */
		D40553861A17336C000C0588 /* Project object */ = {
			isa = PBXProject;
			attributes = {
				LastUpgradeCheck = 0610;
				ORGANIZATIONNAME = "45Navi Team";
				TargetAttributes = {
					D405538D1A17336C000C0588 = {
						CreatedOnToolsVersion = 6.1;
					};
					D40553AC1A17336C000C0588 = {
						CreatedOnToolsVersion = 6.1;
						TestTargetID = D405538D1A17336C000C0588;
					};
				};
			};
			buildConfigurationList = D40553891A17336C000C0588 /* Build configuration list for PBXProject "45Navi" */;
			compatibilityVersion = "Xcode 3.2";
			developmentRegion = English;
			hasScannedForEncodings = 0;
			knownRegions = (
				en,
				Base,
			);
			mainGroup = D40553851A17336C000C0588;
			productRefGroup = D405538F1A17336C000C0588 /* Products */;
			projectDirPath = "";
			projectRoot = "";
			targets = (
				D405538D1A17336C000C0588 /* 45Navi */,
				D40553AC1A17336C000C0588 /* 45NaviTests */,
			);
		};
/* End PBXProject section */

/* Begin PBXResourcesBuildPhase section */
		D405538C1A17336C000C0588 /* Resources */ = {
			isa = PBXResourcesBuildPhase;
			buildActionMask = 2147483647;
			files = (
				D40553A31A17336C000C0588 /* Main.storyboard in Resources */,
				D40553A81A17336C000C0588 /* LaunchScreen.xib in Resources */,
				D40553A51A17336C000C0588 /* Images.xcassets in Resources */,
				84A916711A179CF1003FE98E /* sample.png in Resources */,
			);
			runOnlyForDeploymentPostprocessing = 0;
		};
		D40553AB1A17336C000C0588 /* Resources */ = {
			isa = PBXResourcesBuildPhase;
			buildActionMask = 2147483647;
			files = (
			);
			runOnlyForDeploymentPostprocessing = 0;
		};
/* End PBXResourcesBuildPhase section */

/* Begin PBXShellScriptBuildPhase section */
		3E7E3A106AD5E328EAEB56AB /* Copy Pods Resources */ = {
			isa = PBXShellScriptBuildPhase;
			buildActionMask = 2147483647;
			files = (
			);
			inputPaths = (
			);
			name = "Copy Pods Resources";
			outputPaths = (
			);
			runOnlyForDeploymentPostprocessing = 0;
			shellPath = /bin/sh;
			shellScript = "\"${SRCROOT}/Pods/Target Support Files/Pods-45Navi/Pods-45Navi-resources.sh\"\n";
			showEnvVarsInLog = 0;
		};
		72B9925536FB3AE55C1F34CB /* Check Pods Manifest.lock */ = {
			isa = PBXShellScriptBuildPhase;
			buildActionMask = 2147483647;
			files = (
			);
			inputPaths = (
			);
			name = "Check Pods Manifest.lock";
			outputPaths = (
			);
			runOnlyForDeploymentPostprocessing = 0;
			shellPath = /bin/sh;
			shellScript = "diff \"${PODS_ROOT}/../Podfile.lock\" \"${PODS_ROOT}/Manifest.lock\" > /dev/null\nif [[ $? != 0 ]] ; then\n    cat << EOM\nerror: The sandbox is not in sync with the Podfile.lock. Run 'pod install' or update your CocoaPods installation.\nEOM\n    exit 1\nfi\n";
			showEnvVarsInLog = 0;
		};
/* End PBXShellScriptBuildPhase section */

/* Begin PBXSourcesBuildPhase section */
		D405538A1A17336C000C0588 /* Sources */ = {
			isa = PBXSourcesBuildPhase;
			buildActionMask = 2147483647;
			files = (
				84A9166D1A177488003FE98E /* DraggableViewBackground.m in Sources */,
				D40553971A17336C000C0588 /* AppDelegate.m in Sources */,
				84A9166E1A177488003FE98E /* OverlayView.m in Sources */,
				84A9166B1A177488003FE98E /* ArticleViewController.m in Sources */,
				D40553941A17336C000C0588 /* main.m in Sources */,
				D40553C01A174F5E000C0588 /* NVVoiceTextFetcher.m in Sources */,
				84A9166C1A177488003FE98E /* DraggableView.m in Sources */,
			);
			runOnlyForDeploymentPostprocessing = 0;
		};
		D40553A91A17336C000C0588 /* Sources */ = {
			isa = PBXSourcesBuildPhase;
			buildActionMask = 2147483647;
			files = (
				D40553B41A17336C000C0588 /* _5NaviTests.m in Sources */,
			);
			runOnlyForDeploymentPostprocessing = 0;
		};
/* End PBXSourcesBuildPhase section */

/* Begin PBXTargetDependency section */
		D40553AF1A17336C000C0588 /* PBXTargetDependency */ = {
			isa = PBXTargetDependency;
			target = D405538D1A17336C000C0588 /* 45Navi */;
			targetProxy = D40553AE1A17336C000C0588 /* PBXContainerItemProxy */;
		};
/* End PBXTargetDependency section */

/* Begin PBXVariantGroup section */
		D40553A11A17336C000C0588 /* Main.storyboard */ = {
			isa = PBXVariantGroup;
			children = (
				D40553A21A17336C000C0588 /* Base */,
			);
			name = Main.storyboard;
			sourceTree = "<group>";
		};
		D40553A61A17336C000C0588 /* LaunchScreen.xib */ = {
			isa = PBXVariantGroup;
			children = (
				D40553A71A17336C000C0588 /* Base */,
			);
			name = LaunchScreen.xib;
			sourceTree = "<group>";
		};
/* End PBXVariantGroup section */

/* Begin XCBuildConfiguration section */
		D40553B51A17336C000C0588 /* Debug */ = {
			isa = XCBuildConfiguration;
			buildSettings = {
				ALWAYS_SEARCH_USER_PATHS = NO;
				CLANG_CXX_LANGUAGE_STANDARD = "gnu++0x";
				CLANG_CXX_LIBRARY = "libc++";
				CLANG_ENABLE_MODULES = YES;
				CLANG_ENABLE_OBJC_ARC = YES;
				CLANG_WARN_BOOL_CONVERSION = YES;
				CLANG_WARN_CONSTANT_CONVERSION = YES;
				CLANG_WARN_DIRECT_OBJC_ISA_USAGE = YES_ERROR;
				CLANG_WARN_EMPTY_BODY = YES;
				CLANG_WARN_ENUM_CONVERSION = YES;
				CLANG_WARN_INT_CONVERSION = YES;
				CLANG_WARN_OBJC_ROOT_CLASS = YES_ERROR;
				CLANG_WARN_UNREACHABLE_CODE = YES;
				CLANG_WARN__DUPLICATE_METHOD_MATCH = YES;
				"CODE_SIGN_IDENTITY[sdk=iphoneos*]" = "iPhone Developer";
				COPY_PHASE_STRIP = NO;
				ENABLE_STRICT_OBJC_MSGSEND = YES;
				GCC_C_LANGUAGE_STANDARD = gnu99;
				GCC_DYNAMIC_NO_PIC = NO;
				GCC_OPTIMIZATION_LEVEL = 0;
				GCC_PREPROCESSOR_DEFINITIONS = (
					"DEBUG=1",
					"$(inherited)",
				);
				GCC_SYMBOLS_PRIVATE_EXTERN = NO;
				GCC_WARN_64_TO_32_BIT_CONVERSION = YES;
				GCC_WARN_ABOUT_RETURN_TYPE = YES_ERROR;
				GCC_WARN_UNDECLARED_SELECTOR = YES;
				GCC_WARN_UNINITIALIZED_AUTOS = YES_AGGRESSIVE;
				GCC_WARN_UNUSED_FUNCTION = YES;
				GCC_WARN_UNUSED_VARIABLE = YES;
				IPHONEOS_DEPLOYMENT_TARGET = 8.1;
				MTL_ENABLE_DEBUG_INFO = YES;
				ONLY_ACTIVE_ARCH = YES;
				SDKROOT = iphoneos;
			};
			name = Debug;
		};
		D40553B61A17336C000C0588 /* Release */ = {
			isa = XCBuildConfiguration;
			buildSettings = {
				ALWAYS_SEARCH_USER_PATHS = NO;
				CLANG_CXX_LANGUAGE_STANDARD = "gnu++0x";
				CLANG_CXX_LIBRARY = "libc++";
				CLANG_ENABLE_MODULES = YES;
				CLANG_ENABLE_OBJC_ARC = YES;
				CLANG_WARN_BOOL_CONVERSION = YES;
				CLANG_WARN_CONSTANT_CONVERSION = YES;
				CLANG_WARN_DIRECT_OBJC_ISA_USAGE = YES_ERROR;
				CLANG_WARN_EMPTY_BODY = YES;
				CLANG_WARN_ENUM_CONVERSION = YES;
				CLANG_WARN_INT_CONVERSION = YES;
				CLANG_WARN_OBJC_ROOT_CLASS = YES_ERROR;
				CLANG_WARN_UNREACHABLE_CODE = YES;
				CLANG_WARN__DUPLICATE_METHOD_MATCH = YES;
				"CODE_SIGN_IDENTITY[sdk=iphoneos*]" = "iPhone Developer";
				COPY_PHASE_STRIP = YES;
				ENABLE_NS_ASSERTIONS = NO;
				ENABLE_STRICT_OBJC_MSGSEND = YES;
				GCC_C_LANGUAGE_STANDARD = gnu99;
				GCC_WARN_64_TO_32_BIT_CONVERSION = YES;
				GCC_WARN_ABOUT_RETURN_TYPE = YES_ERROR;
				GCC_WARN_UNDECLARED_SELECTOR = YES;
				GCC_WARN_UNINITIALIZED_AUTOS = YES_AGGRESSIVE;
				GCC_WARN_UNUSED_FUNCTION = YES;
				GCC_WARN_UNUSED_VARIABLE = YES;
				IPHONEOS_DEPLOYMENT_TARGET = 8.1;
				MTL_ENABLE_DEBUG_INFO = NO;
				SDKROOT = iphoneos;
				VALIDATE_PRODUCT = YES;
			};
			name = Release;
		};
		D40553B81A17336C000C0588 /* Debug */ = {
			isa = XCBuildConfiguration;
			baseConfigurationReference = F387E32E358A24FC24796D38 /* Pods-45Navi.debug.xcconfig */;
			buildSettings = {
				ASSETCATALOG_COMPILER_APPICON_NAME = AppIcon;
				INFOPLIST_FILE = 45Navi/Info.plist;
				LD_RUNPATH_SEARCH_PATHS = "$(inherited) @executable_path/Frameworks";
				PRODUCT_NAME = "$(TARGET_NAME)";
			};
			name = Debug;
		};
		D40553B91A17336C000C0588 /* Release */ = {
			isa = XCBuildConfiguration;
			baseConfigurationReference = 34D723D99FABB7642F027B6D /* Pods-45Navi.release.xcconfig */;
			buildSettings = {
				ASSETCATALOG_COMPILER_APPICON_NAME = AppIcon;
				INFOPLIST_FILE = 45Navi/Info.plist;
				LD_RUNPATH_SEARCH_PATHS = "$(inherited) @executable_path/Frameworks";
				PRODUCT_NAME = "$(TARGET_NAME)";
			};
			name = Release;
		};
		D40553BB1A17336C000C0588 /* Debug */ = {
			isa = XCBuildConfiguration;
			buildSettings = {
				BUNDLE_LOADER = "$(TEST_HOST)";
				FRAMEWORK_SEARCH_PATHS = (
					"$(SDKROOT)/Developer/Library/Frameworks",
					"$(inherited)",
				);
				GCC_PREPROCESSOR_DEFINITIONS = (
					"DEBUG=1",
					"$(inherited)",
				);
				INFOPLIST_FILE = 45NaviTests/Info.plist;
				LD_RUNPATH_SEARCH_PATHS = "$(inherited) @executable_path/Frameworks @loader_path/Frameworks";
				PRODUCT_NAME = "$(TARGET_NAME)";
				TEST_HOST = "$(BUILT_PRODUCTS_DIR)/45Navi.app/45Navi";
			};
			name = Debug;
		};
		D40553BC1A17336C000C0588 /* Release */ = {
			isa = XCBuildConfiguration;
			buildSettings = {
				BUNDLE_LOADER = "$(TEST_HOST)";
				FRAMEWORK_SEARCH_PATHS = (
					"$(SDKROOT)/Developer/Library/Frameworks",
					"$(inherited)",
				);
				INFOPLIST_FILE = 45NaviTests/Info.plist;
				LD_RUNPATH_SEARCH_PATHS = "$(inherited) @executable_path/Frameworks @loader_path/Frameworks";
				PRODUCT_NAME = "$(TARGET_NAME)";
				TEST_HOST = "$(BUILT_PRODUCTS_DIR)/45Navi.app/45Navi";
			};
			name = Release;
		};
/* End XCBuildConfiguration section */

/* Begin XCConfigurationList section */
		D40553891A17336C000C0588 /* Build configuration list for PBXProject "45Navi" */ = {
			isa = XCConfigurationList;
			buildConfigurations = (
				D40553B51A17336C000C0588 /* Debug */,
				D40553B61A17336C000C0588 /* Release */,
			);
			defaultConfigurationIsVisible = 0;
			defaultConfigurationName = Release;
		};
		D40553B71A17336C000C0588 /* Build configuration list for PBXNativeTarget "45Navi" */ = {
			isa = XCConfigurationList;
			buildConfigurations = (
				D40553B81A17336C000C0588 /* Debug */,
				D40553B91A17336C000C0588 /* Release */,
			);
			defaultConfigurationIsVisible = 0;
			defaultConfigurationName = Release;
		};
		D40553BA1A17336C000C0588 /* Build configuration list for PBXNativeTarget "45NaviTests" */ = {
			isa = XCConfigurationList;
			buildConfigurations = (
				D40553BB1A17336C000C0588 /* Debug */,
				D40553BC1A17336C000C0588 /* Release */,
			);
			defaultConfigurationIsVisible = 0;
			defaultConfigurationName = Release;
		};
/* End XCConfigurationList section */
	};
	rootObject = D40553861A17336C000C0588 /* Project object */;
}
